<?xml version="1.0" encoding="utf-8"?>
<Project ToolsVersion="4.0" xmlns="http://schemas.microsoft.com/developer/msbuild/2003">
  <ItemGroup>
    <Filter Include="Systems">
      <UniqueIdentifier>{07ab8703-0296-45e4-a7a6-393b65af8ff3}</UniqueIdentifier>
    </Filter>
    <Filter Include="Interfaces">
      <UniqueIdentifier>{f6d987a3-64d1-4ab6-b93b-29df755e4a02}</UniqueIdentifier>
    </Filter>
    <Filter Include="Systems\GraphicSystem">
      <UniqueIdentifier>{df601f8a-8faa-46c8-8647-035c1d9407b0}</UniqueIdentifier>
    </Filter>
    <Filter Include="Systems\InputSystem">
      <UniqueIdentifier>{65a07e9e-7d1b-40f7-abee-ad9df11ca1e8}</UniqueIdentifier>
    </Filter>
    <Filter Include="Systems\PhysicsSystem">
      <UniqueIdentifier>{06cc8f2e-d79b-4374-935d-7e5eddb45861}</UniqueIdentifier>
    </Filter>
    <Filter Include="Systems\SoundSystem">
      <UniqueIdentifier>{db6c6a7b-4c14-42c5-89e4-45215249e2ee}</UniqueIdentifier>
    </Filter>
    <Filter Include="Systems\StatesSystem">
      <UniqueIdentifier>{d4446898-3631-4660-be3f-afe6af4680d9}</UniqueIdentifier>
    </Filter>
  </ItemGroup>
  <ItemGroup>
    <ClCompile Include="GraphicSystem.cpp">
      <Filter>Systems\GraphicSystem</Filter>
    </ClCompile>
    <ClCompile Include="InputSystem.cpp">
      <Filter>Systems\InputSystem</Filter>
    </ClCompile>
    <ClCompile Include="PhysicsSystem.cpp">
      <Filter>Systems\PhysicsSystem</Filter>
    </ClCompile>
    <ClCompile Include="SoundSystem.cpp">
      <Filter>Systems\SoundSystem</Filter>
    </ClCompile>
    <ClCompile Include="StatesSystem.cpp">
      <Filter>Systems\StatesSystem</Filter>
    </ClCompile>
    <ClCompile Include="MainSystem.cpp">
      <Filter>Systems</Filter>
    </ClCompile>
    <ClCompile Include="SoundSource.cpp">
      <Filter>Systems\SoundSystem</Filter>
    </ClCompile>
    <ClCompile Include="SoundListener.cpp">
      <Filter>Systems\SoundSystem</Filter>
    </ClCompile>
  </ItemGroup>
  <ItemGroup>
    <ClInclude Include="ILoadScreen.h">
      <Filter>Interfaces</Filter>
    </ClInclude>
    <ClInclude Include="IState.h">
      <Filter>Interfaces</Filter>
    </ClInclude>
    <ClInclude Include="ISystemsListener.h">
      <Filter>Interfaces</Filter>
    </ClInclude>
    <ClInclude Include="GraphicSystem.h">
      <Filter>Systems\GraphicSystem</Filter>
    </ClInclude>
    <ClInclude Include="InputSystem.h">
      <Filter>Systems\InputSystem</Filter>
    </ClInclude>
    <ClInclude Include="PhysicsSystem.h">
      <Filter>Systems\PhysicsSystem</Filter>
    </ClInclude>
    <ClInclude Include="SoundSystem.h">
      <Filter>Systems\SoundSystem</Filter>
    </ClInclude>
    <ClInclude Include="StatesSystem.h">
      <Filter>Systems\StatesSystem</Filter>
    </ClInclude>
    <ClInclude Include="MainSystem.h">
      <Filter>Systems</Filter>
    </ClInclude>
    <ClInclude Include="SoundSource.h">
      <Filter>Systems\SoundSystem</Filter>
    </ClInclude>
    <ClInclude Include="SoundListener.h">
      <Filter>Systems\SoundSystem</Filter>
    </ClInclude>
  </ItemGroup>
</Project>